// !$*UTF8*$!
{
	archiveVersion = 1;
	classes = {
	};
	objectVersion = 50;
	objects = {

/* Begin PBXBuildFile section */
		F1D4C680268F3CB800EE2A10 /* AppDelegate.swift in Sources */ = {isa = PBXBuildFile; fileRef = F1D4C67F268F3CB800EE2A10 /* AppDelegate.swift */; };
		F1D4C682268F3CB800EE2A10 /* SceneDelegate.swift in Sources */ = {isa = PBXBuildFile; fileRef = F1D4C681268F3CB800EE2A10 /* SceneDelegate.swift */; };
		F1D4C684268F3CB800EE2A10 /* SearchViewController.swift in Sources */ = {isa = PBXBuildFile; fileRef = F1D4C683268F3CB800EE2A10 /* SearchViewController.swift */; };
		F1D4C687268F3CB800EE2A10 /* Main.storyboard in Resources */ = {isa = PBXBuildFile; fileRef = F1D4C685268F3CB800EE2A10 /* Main.storyboard */; };
		F1D4C689268F3CB900EE2A10 /* Assets.xcassets in Resources */ = {isa = PBXBuildFile; fileRef = F1D4C688268F3CB900EE2A10 /* Assets.xcassets */; };
		F1D4C68C268F3CB900EE2A10 /* LaunchScreen.storyboard in Resources */ = {isa = PBXBuildFile; fileRef = F1D4C68A268F3CB900EE2A10 /* LaunchScreen.storyboard */; };
		F1D4C694268F530800EE2A10 /* RepositoryViewModel.swift in Sources */ = {isa = PBXBuildFile; fileRef = F1D4C693268F530800EE2A10 /* RepositoryViewModel.swift */; };
/* End PBXBuildFile section */

/* Begin PBXFileReference section */
		F1D4C67C268F3CB800EE2A10 /* IncrementalSearch.app */ = {isa = PBXFileReference; explicitFileType = wrapper.application; includeInIndex = 0; path = IncrementalSearch.app; sourceTree = BUILT_PRODUCTS_DIR; };
		F1D4C67F268F3CB800EE2A10 /* AppDelegate.swift */ = {isa = PBXFileReference; lastKnownFileType = sourcecode.swift; path = AppDelegate.swift; sourceTree = "<group>"; };
		F1D4C681268F3CB800EE2A10 /* SceneDelegate.swift */ = {isa = PBXFileReference; lastKnownFileType = sourcecode.swift; path = SceneDelegate.swift; sourceTree = "<group>"; };
		F1D4C683268F3CB800EE2A10 /* SearchViewController.swift */ = {isa = PBXFileReference; lastKnownFileType = sourcecode.swift; path = SearchViewController.swift; sourceTree = "<group>"; };
		F1D4C686268F3CB800EE2A10 /* Base */ = {isa = PBXFileReference; lastKnownFileType = file.storyboard; name = Base; path = Base.lproj/Main.storyboard; sourceTree = "<group>"; };
		F1D4C688268F3CB900EE2A10 /* Assets.xcassets */ = {isa = PBXFileReference; lastKnownFileType = folder.assetcatalog; path = Assets.xcassets; sourceTree = "<group>"; };
		F1D4C68B268F3CB900EE2A10 /* Base */ = {isa = PBXFileReference; lastKnownFileType = file.storyboard; name = Base; path = Base.lproj/LaunchScreen.storyboard; sourceTree = "<group>"; };
		F1D4C68D268F3CB900EE2A10 /* Info.plist */ = {isa = PBXFileReference; lastKnownFileType = text.plist.xml; path = Info.plist; sourceTree = "<group>"; };
		F1D4C693268F530800EE2A10 /* RepositoryViewModel.swift */ = {isa = PBXFileReference; lastKnownFileType = sourcecode.swift; path = RepositoryViewModel.swift; sourceTree = "<group>"; };
/* End PBXFileReference section */

/* Begin PBXFrameworksBuildPhase section */
		F1D4C679268F3CB800EE2A10 /* Frameworks */ = {
			isa = PBXFrameworksBuildPhase;
			buildActionMask = 2147483647;
			files = (
			);
			runOnlyForDeploymentPostprocessing = 0;
		};
/* End PBXFrameworksBuildPhase section */

/* Begin PBXGroup section */
		F1D4C673268F3CB800EE2A10 = {
			isa = PBXGroup;
			children = (
				F1D4C67E268F3CB800EE2A10 /* IncrementalSearch */,
				F1D4C67D268F3CB800EE2A10 /* Products */,
			);
			sourceTree = "<group>";
		};
		F1D4C67D268F3CB800EE2A10 /* Products */ = {
			isa = PBXGroup;
			children = (
				F1D4C67C268F3CB800EE2A10 /* IncrementalSearch.app */,
			);
			name = Products;
			sourceTree = "<group>";
		};
		F1D4C67E268F3CB800EE2A10 /* IncrementalSearch */ = {
			isa = PBXGroup;
			children = (
				F1D4C67F268F3CB800EE2A10 /* AppDelegate.swift */,
				F1D4C681268F3CB800EE2A10 /* SceneDelegate.swift */,
				F1D4C693268F530800EE2A10 /* RepositoryViewModel.swift */,
				F1D4C683268F3CB800EE2A10 /* SearchViewController.swift */,
				F1D4C685268F3CB800EE2A10 /* Main.storyboard */,
				F1D4C688268F3CB900EE2A10 /* Assets.xcassets */,
				F1D4C68A268F3CB900EE2A10 /* LaunchScreen.storyboard */,
				F1D4C68D268F3CB900EE2A10 /* Info.plist */,
			);
			path = IncrementalSearch;
			sourceTree = "<group>";
		};
/* End PBXGroup section */

/* Begin PBXNativeTarget section */
		F1D4C67B268F3CB800EE2A10 /* IncrementalSearch */ = {
			isa = PBXNativeTarget;
			buildConfigurationList = F1D4C690268F3CB900EE2A10 /* Build configuration list for PBXNativeTarget "IncrementalSearch" */;
			buildPhases = (
				F1D4C678268F3CB800EE2A10 /* Sources */,
				F1D4C679268F3CB800EE2A10 /* Frameworks */,
				F1D4C67A268F3CB800EE2A10 /* Resources */,
			);
			buildRules = (
			);
			dependencies = (
			);
			name = IncrementalSearch;
			productName = IncrementalSearch;
			productReference = F1D4C67C268F3CB800EE2A10 /* IncrementalSearch.app */;
			productType = "com.apple.product-type.application";
		};
/* End PBXNativeTarget section */

/* Begin PBXProject section */
		F1D4C674268F3CB800EE2A10 /* Project object */ = {
			isa = PBXProject;
			attributes = {
				LastSwiftUpdateCheck = 1250;
				LastUpgradeCheck = 1250;
				TargetAttributes = {
					F1D4C67B268F3CB800EE2A10 = {
						CreatedOnToolsVersion = 12.5;
					};
				};
			};
			buildConfigurationList = F1D4C677268F3CB800EE2A10 /* Build configuration list for PBXProject "IncrementalSearch" */;
			compatibilityVersion = "Xcode 9.3";
			developmentRegion = en;
			hasScannedForEncodings = 0;
			knownRegions = (
				en,
				Base,
			);
			mainGroup = F1D4C673268F3CB800EE2A10;
			productRefGroup = F1D4C67D268F3CB800EE2A10 /* Products */;
			projectDirPath = "";
			projectRoot = "";
			targets = (
				F1D4C67B268F3CB800EE2A10 /* IncrementalSearch */,
			);
		};
/* End PBXProject section */

/* Begin PBXResourcesBuildPhase section */
		F1D4C67A268F3CB800EE2A10 /* Resources */ = {
			isa = PBXResourcesBuildPhase;
			buildActionMask = 2147483647;
			files = (
				F1D4C68C268F3CB900EE2A10 /* LaunchScreen.storyboard in Resources */,
				F1D4C689268F3CB900EE2A10 /* Assets.xcassets in Resources */,
				F1D4C687268F3CB800EE2A10 /* Main.storyboard in Resources */,
			);
			runOnlyForDeploymentPostprocessing = 0;
		};
/* End PBXResourcesBuildPhase section */

/* Begin PBXSourcesBuildPhase section */
		F1D4C678268F3CB800EE2A10 /* Sources */ = {
			isa = PBXSourcesBuildPhase;
			buildActionMask = 2147483647;
			files = (
				F1D4C694268F530800EE2A10 /* RepositoryViewModel.swift in Sources */,
				F1D4C684268F3CB800EE2A10 /* SearchViewController.swift in Sources */,
				F1D4C680268F3CB800EE2A10 /* AppDelegate.swift in Sources */,
				F1D4C682268F3CB800EE2A10 /* SceneDelegate.swift in Sources */,
			);
			runOnlyForDeploymentPostprocessing = 0;
		};
/* End PBXSourcesBuildPhase section */

/* Begin PBXVariantGroup section */
		F1D4C685268F3CB800EE2A10 /* Main.storyboard */ = {
			isa = PBXVariantGroup;
			children = (
				F1D4C686268F3CB800EE2A10 /* Base */,
			);
			name = Main.storyboard;
			sourceTree = "<group>";
		};
		F1D4C68A268F3CB900EE2A10 /* LaunchScreen.storyboard */ = {
			isa = PBXVariantGroup;
			children = (
				F1D4C68B268F3CB900EE2A10 /* Base */,
			);
			name = LaunchScreen.storyboard;
			sourceTree = "<group>";
		};
/* End PBXVariantGroup section */

/* Begin XCBuildConfiguration section */
		F1D4C68E268F3CB900EE2A10 /* Debug */ = {
			isa = XCBuildConfiguration;
			buildSettings = {
				ALWAYS_SEARCH_USER_PATHS = NO;
				CLANG_ANALYZER_NONNULL = YES;
				CLANG_ANALYZER_NUMBER_OBJECT_CONVERSION = YES_AGGRESSIVE;
				CLANG_CXX_LANGUAGE_STANDARD = "gnu++14";
				CLANG_CXX_LIBRARY = "libc++";
				CLANG_ENABLE_MODULES = YES;
				CLANG_ENABLE_OBJC_ARC = YES;
				CLANG_ENABLE_OBJC_WEAK = YES;
				CLANG_WARN_BLOCK_CAPTURE_AUTORELEASING = YES;
				CLANG_WARN_BOOL_CONVERSION = YES;
				CLANG_WARN_COMMA = YES;
				CLANG_WARN_CONSTANT_CONVERSION = YES;
				CLANG_WARN_DEPRECATED_OBJC_IMPLEMENTATIONS = YES;
				CLANG_WARN_DIRECT_OBJC_ISA_USAGE = YES_ERROR;
				CLANG_WARN_DOCUMENTATION_COMMENTS = YES;
				CLANG_WARN_EMPTY_BODY = YES;
				CLANG_WARN_ENUM_CONVERSION = YES;
				CLANG_WARN_INFINITE_RECURSION = YES;
				CLANG_WARN_INT_CONVERSION = YES;
				CLANG_WARN_NON_LITERAL_NULL_CONVERSION = YES;
				CLANG_WARN_OBJC_IMPLICIT_RETAIN_SELF = YES;
				CLANG_WARN_OBJC_LITERAL_CONVERSION = YES;
				CLANG_WARN_OBJC_ROOT_CLASS = YES_ERROR;
				CLANG_WARN_QUOTED_INCLUDE_IN_FRAMEWORK_HEADER = YES;
				CLANG_WARN_RANGE_LOOP_ANALYSIS = YES;
				CLANG_WARN_STRICT_PROTOTYPES = YES;
				CLANG_WARN_SUSPICIOUS_MOVE = YES;
				CLANG_WARN_UNGUARDED_AVAILABILITY = YES_AGGRESSIVE;
				CLANG_WARN_UNREACHABLE_CODE = YES;
				CLANG_WARN__DUPLICATE_METHOD_MATCH = YES;
				COPY_PHASE_STRIP = NO;
				DEBUG_INFORMATION_FORMAT = dwarf;
				ENABLE_STRICT_OBJC_MSGSEND = YES;
				ENABLE_TESTABILITY = YES;
				GCC_C_LANGUAGE_STANDARD = gnu11;
				GCC_DYNAMIC_NO_PIC = NO;
				GCC_NO_COMMON_BLOCKS = YES;
				GCC_OPTIMIZATION_LEVEL = 0;
				GCC_PREPROCESSOR_DEFINITIONS = (
					"DEBUG=1",
					"$(inherited)",
				);
				GCC_WARN_64_TO_32_BIT_CONVERSION = YES;
				GCC_WARN_ABOUT_RETURN_TYPE = YES_ERROR;
				GCC_WARN_UNDECLARED_SELECTOR = YES;
				GCC_WARN_UNINITIALIZED_AUTOS = YES_AGGRESSIVE;
				GCC_WARN_UNUSED_FUNCTION = YES;
				GCC_WARN_UNUSED_VARIABLE = YES;
				IPHONEOS_DEPLOYMENT_TARGET = 14.5;
				MTL_ENABLE_DEBUG_INFO = INCLUDE_SOURCE;
				MTL_FAST_MATH = YES;
				ONLY_ACTIVE_ARCH = YES;
				SDKROOT = iphoneos;
				SWIFT_ACTIVE_COMPILATION_CONDITIONS = DEBUG;
				SWIFT_OPTIMIZATION_LEVEL = "-Onone";
			};
			name = Debug;
		};
		F1D4C68F268F3CB900EE2A10 /* Release */ = {
			isa = XCBuildConfiguration;
			buildSettings = {
				ALWAYS_SEARCH_USER_PATHS = NO;
				CLANG_ANALYZER_NONNULL = YES;
				CLANG_ANALYZER_NUMBER_OBJECT_CONVERSION = YES_AGGRESSIVE;
				CLANG_CXX_LANGUAGE_STANDARD = "gnu++14";
				CLANG_CXX_LIBRARY = "libc++";
				CLANG_ENABLE_MODULES = YES;
				CLANG_ENABLE_OBJC_ARC = YES;
				CLANG_ENABLE_OBJC_WEAK = YES;
				CLANG_WARN_BLOCK_CAPTURE_AUTORELEASING = YES;
				CLANG_WARN_BOOL_CONVERSION = YES;
				CLANG_WARN_COMMA = YES;
				CLANG_WARN_CONSTANT_CONVERSION = YES;
				CLANG_WARN_DEPRECATED_OBJC_IMPLEMENTATIONS = YES;
				CLANG_WARN_DIRECT_OBJC_ISA_USAGE = YES_ERROR;
				CLANG_WARN_DOCUMENTATION_COMMENTS = YES;
				CLANG_WARN_EMPTY_BODY = YES;
				CLANG_WARN_ENUM_CONVERSION = YES;
				CLANG_WARN_INFINITE_RECURSION = YES;
				CLANG_WARN_INT_CONVERSION = YES;
				CLANG_WARN_NON_LITERAL_NULL_CONVERSION = YES;
				CLANG_WARN_OBJC_IMPLICIT_RETAIN_SELF = YES;
				CLANG_WARN_OBJC_LITERAL_CONVERSION = YES;
				CLANG_WARN_OBJC_ROOT_CLASS = YES_ERROR;
				CLANG_WARN_QUOTED_INCLUDE_IN_FRAMEWORK_HEADER = YES;
				CLANG_WARN_RANGE_LOOP_ANALYSIS = YES;
				CLANG_WARN_STRICT_PROTOTYPES = YES;
				CLANG_WARN_SUSPICIOUS_MOVE = YES;
				CLANG_WARN_UNGUARDED_AVAILABILITY = YES_AGGRESSIVE;
				CLANG_WARN_UNREACHABLE_CODE = YES;
				CLANG_WARN__DUPLICATE_METHOD_MATCH = YES;
				COPY_PHASE_STRIP = NO;
				DEBUG_INFORMATION_FORMAT = "dwarf-with-dsym";
				ENABLE_NS_ASSERTIONS = NO;
				ENABLE_STRICT_OBJC_MSGSEND = YES;
				GCC_C_LANGUAGE_STANDARD = gnu11;
				GCC_NO_COMMON_BLOCKS = YES;
				GCC_WARN_64_TO_32_BIT_CONVERSION = YES;
				GCC_WARN_ABOUT_RETURN_TYPE = YES_ERROR;
				GCC_WARN_UNDECLARED_SELECTOR = YES;
				GCC_WARN_UNINITIALIZED_AUTOS = YES_AGGRESSIVE;
				GCC_WARN_UNUSED_FUNCTION = YES;
				GCC_WARN_UNUSED_VARIABLE = YES;
				IPHONEOS_DEPLOYMENT_TARGET = 14.5;
				MTL_ENABLE_DEBUG_INFO = NO;
				MTL_FAST_MATH = YES;
				SDKROOT = iphoneos;
				SWIFT_COMPILATION_MODE = wholemodule;
				SWIFT_OPTIMIZATION_LEVEL = "-O";
				VALIDATE_PRODUCT = YES;
			};
			name = Release;
		};
		F1D4C691268F3CB900EE2A10 /* Debug */ = {
			isa = XCBuildConfiguration;
			buildSettings = {
				ASSETCATALOG_COMPILER_APPICON_NAME = AppIcon;
				ASSETCATALOG_COMPILER_GLOBAL_ACCENT_COLOR_NAME = AccentColor;
				CODE_SIGN_STYLE = Automatic;
				INFOPLIST_FILE = IncrementalSearch/Info.plist;
				LD_RUNPATH_SEARCH_PATHS = (
					"$(inherited)",
					"@executable_path/Frameworks",
				);
				PRODUCT_BUNDLE_IDENTIFIER = fangwei.hsu.IncrementalSearch;
				PRODUCT_NAME = "$(TARGET_NAME)";
				SWIFT_VERSION = 5.0;
				TARGETED_DEVICE_FAMILY = "1,2";
			};
			name = Debug;
		};
		F1D4C692268F3CB900EE2A10 /* Release */ = {
			isa = XCBuildConfiguration;
			buildSettings = {
				ASSETCATALOG_COMPILER_APPICON_NAME = AppIcon;
				ASSETCATALOG_COMPILER_GLOBAL_ACCENT_COLOR_NAME = AccentColor;
				CODE_SIGN_STYLE = Automatic;
				INFOPLIST_FILE = IncrementalSearch/Info.plist;
				LD_RUNPATH_SEARCH_PATHS = (
					"$(inherited)",
					"@executable_path/Frameworks",
				);
				PRODUCT_BUNDLE_IDENTIFIER = fangwei.hsu.IncrementalSearch;
				PRODUCT_NAME = "$(TARGET_NAME)";
				SWIFT_VERSION = 5.0;
				TARGETED_DEVICE_FAMILY = "1,2";
			};
			name = Release;
		};
/* End XCBuildConfiguration section */

/* Begin XCConfigurationList section */
		F1D4C677268F3CB800EE2A10 /* Build configuration list for PBXProject "IncrementalSearch" */ = {
			isa = XCConfigurationList;
			buildConfigurations = (
				F1D4C68E268F3CB900EE2A10 /* Debug */,
				F1D4C68F268F3CB900EE2A10 /* Release */,
			);
			defaultConfigurationIsVisible = 0;
			defaultConfigurationName = Release;
		};
		F1D4C690268F3CB900EE2A10 /* Build configuration list for PBXNativeTarget "IncrementalSearch" */ = {
			isa = XCConfigurationList;
			buildConfigurations = (
				F1D4C691268F3CB900EE2A10 /* Debug */,
				F1D4C692268F3CB900EE2A10 /* Release */,
			);
			defaultConfigurationIsVisible = 0;
			defaultConfigurationName = Release;
		};
/* End XCConfigurationList section */
	};
	rootObject = F1D4C674268F3CB800EE2A10 /* Project object */;
}
